
Microsoft Visual Studio Solution File, Format Version 12.00
# Visual Studio 15
Project("{FAE04EC0-301F-11D3-BF4B-00C04F79EFBC}") = "Assembly-CSharp", "Assembly-CSharp.csproj", "{DF9301B6-434A-D51C-4CA1-3ADF6A250E69}"
EndProject
Project("{FAE04EC0-301F-11D3-BF4B-00C04F79EFBC}") = "Substance.Platform", "Substance.Platform.csproj", "{DECDAA0E-A8AA-9E9C-DBA2-D28BF63E638B}"
EndProject
Project("{FAE04EC0-301F-11D3-BF4B-00C04F79EFBC}") = "Assembly-CSharp-Editor", "Assembly-CSharp-Editor.csproj", "{B44AA365-1935-6B6F-854B-3CF4E688BCAB}"
EndProject
Global
	GlobalSection(SolutionConfigurationPlatforms) = preSolution
		Debug|Any CPU = Debug|Any CPU
		Release|Any CPU = Release|Any CPU
	EndGlobalSection
	GlobalSection(ProjectConfigurationPlatforms) = postSolution
		{DF9301B6-434A-D51C-4CA1-3ADF6A250E69}.Debug|Any CPU.ActiveCfg = Debug|Any CPU
		{DF9301B6-434A-D51C-4CA1-3ADF6A250E69}.Debug|Any CPU.Build.0 = Debug|Any CPU
		{DF9301B6-434A-D51C-4CA1-3ADF6A250E69}.Release|Any CPU.ActiveCfg = Release|Any CPU
		{DF9301B6-434A-D51C-4CA1-3ADF6A250E69}.Release|Any CPU.Build.0 = Release|Any CPU
		{DECDAA0E-A8AA-9E9C-DBA2-D28BF63E638B}.Debug|Any CPU.ActiveCfg = Debug|Any CPU
		{DECDAA0E-A8AA-9E9C-DBA2-D28BF63E638B}.Debug|Any CPU.Build.0 = Debug|Any CPU
		{DECDAA0E-A8AA-9E9C-DBA2-D28BF63E638B}.Release|Any CPU.ActiveCfg = Release|Any CPU
		{DECDAA0E-A8AA-9E9C-DBA2-D28BF63E638B}.Release|Any CPU.Build.0 = Release|Any CPU
		{B44AA365-1935-6B6F-854B-3CF4E688BCAB}.Debug|Any CPU.ActiveCfg = Debug|Any CPU
		{B44AA365-1935-6B6F-854B-3CF4E688BCAB}.Debug|Any CPU.Build.0 = Debug|Any CPU
		{B44AA365-1935-6B6F-854B-3CF4E688BCAB}.Release|Any CPU.ActiveCfg = Release|Any CPU
		{B44AA365-1935-6B6F-854B-3CF4E688BCAB}.Release|Any CPU.Build.0 = Release|Any CPU
	EndGlobalSection
	GlobalSection(SolutionProperties) = preSolution
		HideSolutionNode = FALSE
	EndGlobalSection
EndGlobal
